
Microsoft Visual Studio Solution File, Format Version 12.00
# Visual Studio Version 17
VisualStudioVersion = 17.6.33723.286
MinimumVisualStudioVersion = 10.0.40219.1
Project("{FAE04EC0-301F-11D3-BF4B-00C04F79EFBC}") = "EweTest", "EweTest\EweTest.csproj", "{119092AD-E4A5-4DDE-ABB6-608D72E31AA1}"
EndProject
Global
	GlobalSection(SolutionConfigurationPlatforms) = preSolution
		Debug|Any CPU = Debug|Any CPU
		Release|Any CPU = Release|Any CPU
	EndGlobalSection
	GlobalSection(ProjectConfigurationPlatforms) = postSolution
		{119092AD-E4A5-4DDE-ABB6-608D72E31AA1}.Debug|Any CPU.ActiveCfg = Debug|Any CPU
		{119092AD-E4A5-4DDE-ABB6-608D72E31AA1}.Debug|Any CPU.Build.0 = Debug|Any CPU
		{119092AD-E4A5-4DDE-ABB6-608D72E31AA1}.Release|Any CPU.ActiveCfg = Release|Any CPU
		{119092AD-E4A5-4DDE-ABB6-608D72E31AA1}.Release|Any CPU.Build.0 = Release|Any CPU
	EndGlobalSection
	GlobalSection(SolutionProperties) = preSolution
		HideSolutionNode = FALSE
	EndGlobalSection
	GlobalSection(ExtensibilityGlobals) = postSolution
		SolutionGuid = {2EE11F77-0FE0-4325-9BE6-F716EE54D3BE}
	EndGlobalSection
EndGlobal
